// !$*UTF8*$!
{
	archiveVersion = 1;
	classes = {
	};
	objectVersion = 56;
	objects = {

/* Begin PBXBuildFile section */
		EA7ACFFA2B03C6F70063DB9D /* NC1App.swift in Sources */ = {isa = PBXBuildFile; fileRef = EA7ACFF92B03C6F70063DB9D /* NC1App.swift */; };
		EA7ACFFC2B03C6F70063DB9D /* ContentView.swift in Sources */ = {isa = PBXBuildFile; fileRef = EA7ACFFB2B03C6F70063DB9D /* ContentView.swift */; };
		EA7ACFFE2B03C6F80063DB9D /* Assets.xcassets in Resources */ = {isa = PBXBuildFile; fileRef = EA7ACFFD2B03C6F80063DB9D /* Assets.xcassets */; };
		EA7AD0012B03C6F80063DB9D /* Preview Assets.xcassets in Resources */ = {isa = PBXBuildFile; fileRef = EA7AD0002B03C6F80063DB9D /* Preview Assets.xcassets */; };
		EA7AD00A2B03CB870063DB9D /* App.swift in Sources */ = {isa = PBXBuildFile; fileRef = EA7AD0092B03CB870063DB9D /* App.swift */; };
		EA7AD00C2B03CF920063DB9D /* AppCard.swift in Sources */ = {isa = PBXBuildFile; fileRef = EA7AD00B2B03CF920063DB9D /* AppCard.swift */; };
		EAD89DEE2B066C8B0072AF90 /* GamesTab.swift in Sources */ = {isa = PBXBuildFile; fileRef = EAD89DED2B066C8B0072AF90 /* GamesTab.swift */; };
		EAD89DF02B066C980072AF90 /* AppsTab.swift in Sources */ = {isa = PBXBuildFile; fileRef = EAD89DEF2B066C980072AF90 /* AppsTab.swift */; };
		EAD89DF22B066CA00072AF90 /* ArcadeTab.swift in Sources */ = {isa = PBXBuildFile; fileRef = EAD89DF12B066CA00072AF90 /* ArcadeTab.swift */; };
		EAD89DF42B066CAA0072AF90 /* SearchTab.swift in Sources */ = {isa = PBXBuildFile; fileRef = EAD89DF32B066CAA0072AF90 /* SearchTab.swift */; };
		EAD89DF62B0671680072AF90 /* TodayTab.swift in Sources */ = {isa = PBXBuildFile; fileRef = EAD89DF52B0671680072AF90 /* TodayTab.swift */; };
		EAD89DF82B06757C0072AF90 /* AppCycleCard.swift in Sources */ = {isa = PBXBuildFile; fileRef = EAD89DF72B06757C0072AF90 /* AppCycleCard.swift */; };
/* End PBXBuildFile section */

/* Begin PBXFileReference section */
		EA7ACFF62B03C6F70063DB9D /* NC1.app */ = {isa = PBXFileReference; explicitFileType = wrapper.application; includeInIndex = 0; path = NC1.app; sourceTree = BUILT_PRODUCTS_DIR; };
		EA7ACFF92B03C6F70063DB9D /* NC1App.swift */ = {isa = PBXFileReference; lastKnownFileType = sourcecode.swift; path = NC1App.swift; sourceTree = "<group>"; };
		EA7ACFFB2B03C6F70063DB9D /* ContentView.swift */ = {isa = PBXFileReference; lastKnownFileType = sourcecode.swift; path = ContentView.swift; sourceTree = "<group>"; };
		EA7ACFFD2B03C6F80063DB9D /* Assets.xcassets */ = {isa = PBXFileReference; lastKnownFileType = folder.assetcatalog; path = Assets.xcassets; sourceTree = "<group>"; };
		EA7AD0002B03C6F80063DB9D /* Preview Assets.xcassets */ = {isa = PBXFileReference; lastKnownFileType = folder.assetcatalog; path = "Preview Assets.xcassets"; sourceTree = "<group>"; };
		EA7AD0092B03CB870063DB9D /* App.swift */ = {isa = PBXFileReference; lastKnownFileType = sourcecode.swift; path = App.swift; sourceTree = "<group>"; };
		EA7AD00B2B03CF920063DB9D /* AppCard.swift */ = {isa = PBXFileReference; lastKnownFileType = sourcecode.swift; path = AppCard.swift; sourceTree = "<group>"; };
		EAD89DED2B066C8B0072AF90 /* GamesTab.swift */ = {isa = PBXFileReference; lastKnownFileType = sourcecode.swift; path = GamesTab.swift; sourceTree = "<group>"; };
		EAD89DEF2B066C980072AF90 /* AppsTab.swift */ = {isa = PBXFileReference; lastKnownFileType = sourcecode.swift; path = AppsTab.swift; sourceTree = "<group>"; };
		EAD89DF12B066CA00072AF90 /* ArcadeTab.swift */ = {isa = PBXFileReference; lastKnownFileType = sourcecode.swift; path = ArcadeTab.swift; sourceTree = "<group>"; };
		EAD89DF32B066CAA0072AF90 /* SearchTab.swift */ = {isa = PBXFileReference; lastKnownFileType = sourcecode.swift; path = SearchTab.swift; sourceTree = "<group>"; };
		EAD89DF52B0671680072AF90 /* TodayTab.swift */ = {isa = PBXFileReference; lastKnownFileType = sourcecode.swift; path = TodayTab.swift; sourceTree = "<group>"; };
		EAD89DF72B06757C0072AF90 /* AppCycleCard.swift */ = {isa = PBXFileReference; lastKnownFileType = sourcecode.swift; path = AppCycleCard.swift; sourceTree = "<group>"; };
/* End PBXFileReference section */

/* Begin PBXFrameworksBuildPhase section */
		EA7ACFF32B03C6F70063DB9D /* Frameworks */ = {
			isa = PBXFrameworksBuildPhase;
			buildActionMask = 2147483647;
			files = (
			);
			runOnlyForDeploymentPostprocessing = 0;
		};
/* End PBXFrameworksBuildPhase section */

/* Begin PBXGroup section */
		EA7ACFED2B03C6F70063DB9D = {
			isa = PBXGroup;
			children = (
				EA7ACFF82B03C6F70063DB9D /* NC1 */,
				EA7ACFF72B03C6F70063DB9D /* Products */,
			);
			sourceTree = "<group>";
		};
		EA7ACFF72B03C6F70063DB9D /* Products */ = {
			isa = PBXGroup;
			children = (
				EA7ACFF62B03C6F70063DB9D /* NC1.app */,
			);
			name = Products;
			sourceTree = "<group>";
		};
		EA7ACFF82B03C6F70063DB9D /* NC1 */ = {
			isa = PBXGroup;
			children = (
				EA7ACFF92B03C6F70063DB9D /* NC1App.swift */,
				EA7ACFFB2B03C6F70063DB9D /* ContentView.swift */,
				EAD89DF52B0671680072AF90 /* TodayTab.swift */,
				EAD89DEF2B066C980072AF90 /* AppsTab.swift */,
				EAD89DF12B066CA00072AF90 /* ArcadeTab.swift */,
				EAD89DF32B066CAA0072AF90 /* SearchTab.swift */,
				EA7AD0092B03CB870063DB9D /* App.swift */,
				EA7AD00B2B03CF920063DB9D /* AppCard.swift */,
				EAD89DF72B06757C0072AF90 /* AppCycleCard.swift */,
				EAD89DED2B066C8B0072AF90 /* GamesTab.swift */,
				EA7ACFFD2B03C6F80063DB9D /* Assets.xcassets */,
				EA7ACFFF2B03C6F80063DB9D /* Preview Content */,
			);
			path = NC1;
			sourceTree = "<group>";
		};
		EA7ACFFF2B03C6F80063DB9D /* Preview Content */ = {
			isa = PBXGroup;
			children = (
				EA7AD0002B03C6F80063DB9D /* Preview Assets.xcassets */,
			);
			path = "Preview Content";
			sourceTree = "<group>";
		};
/* End PBXGroup section */

/* Begin PBXNativeTarget section */
		EA7ACFF52B03C6F70063DB9D /* NC1 */ = {
			isa = PBXNativeTarget;
			buildConfigurationList = EA7AD0042B03C6F80063DB9D /* Build configuration list for PBXNativeTarget "NC1" */;
			buildPhases = (
				EA7ACFF22B03C6F70063DB9D /* Sources */,
				EA7ACFF32B03C6F70063DB9D /* Frameworks */,
				EA7ACFF42B03C6F70063DB9D /* Resources */,
			);
			buildRules = (
			);
			dependencies = (
			);
			name = NC1;
			productName = NC1;
			productReference = EA7ACFF62B03C6F70063DB9D /* NC1.app */;
			productType = "com.apple.product-type.application";
		};
/* End PBXNativeTarget section */

/* Begin PBXProject section */
		EA7ACFEE2B03C6F70063DB9D /* Project object */ = {
			isa = PBXProject;
			attributes = {
				BuildIndependentTargetsInParallel = 1;
				LastSwiftUpdateCheck = 1500;
				LastUpgradeCheck = 1500;
				TargetAttributes = {
					EA7ACFF52B03C6F70063DB9D = {
						CreatedOnToolsVersion = 15.0;
					};
				};
			};
			buildConfigurationList = EA7ACFF12B03C6F70063DB9D /* Build configuration list for PBXProject "NC1" */;
			compatibilityVersion = "Xcode 14.0";
			developmentRegion = en;
			hasScannedForEncodings = 0;
			knownRegions = (
				en,
				Base,
			);
			mainGroup = EA7ACFED2B03C6F70063DB9D;
			productRefGroup = EA7ACFF72B03C6F70063DB9D /* Products */;
			projectDirPath = "";
			projectRoot = "";
			targets = (
				EA7ACFF52B03C6F70063DB9D /* NC1 */,
			);
		};
/* End PBXProject section */

/* Begin PBXResourcesBuildPhase section */
		EA7ACFF42B03C6F70063DB9D /* Resources */ = {
			isa = PBXResourcesBuildPhase;
			buildActionMask = 2147483647;
			files = (
				EA7AD0012B03C6F80063DB9D /* Preview Assets.xcassets in Resources */,
				EA7ACFFE2B03C6F80063DB9D /* Assets.xcassets in Resources */,
			);
			runOnlyForDeploymentPostprocessing = 0;
		};
/* End PBXResourcesBuildPhase section */

/* Begin PBXSourcesBuildPhase section */
		EA7ACFF22B03C6F70063DB9D /* Sources */ = {
			isa = PBXSourcesBuildPhase;
			buildActionMask = 2147483647;
			files = (
				EA7ACFFC2B03C6F70063DB9D /* ContentView.swift in Sources */,
				EAD89DF62B0671680072AF90 /* TodayTab.swift in Sources */,
				EAD89DF02B066C980072AF90 /* AppsTab.swift in Sources */,
				EAD89DF22B066CA00072AF90 /* ArcadeTab.swift in Sources */,
				EA7AD00A2B03CB870063DB9D /* App.swift in Sources */,
				EAD89DEE2B066C8B0072AF90 /* GamesTab.swift in Sources */,
				EA7ACFFA2B03C6F70063DB9D /* NC1App.swift in Sources */,
				EA7AD00C2B03CF920063DB9D /* AppCard.swift in Sources */,
				EAD89DF82B06757C0072AF90 /* AppCycleCard.swift in Sources */,
				EAD89DF42B066CAA0072AF90 /* SearchTab.swift in Sources */,
			);
			runOnlyForDeploymentPostprocessing = 0;
		};
/* End PBXSourcesBuildPhase section */

/* Begin XCBuildConfiguration section */
		EA7AD0022B03C6F80063DB9D /* Debug */ = {
			isa = XCBuildConfiguration;
			buildSettings = {
				ALWAYS_SEARCH_USER_PATHS = NO;
				ASSETCATALOG_COMPILER_GENERATE_SWIFT_ASSET_SYMBOL_EXTENSIONS = YES;
				CLANG_ANALYZER_NONNULL = YES;
				CLANG_ANALYZER_NUMBER_OBJECT_CONVERSION = YES_AGGRESSIVE;
				CLANG_CXX_LANGUAGE_STANDARD = "gnu++20";
				CLANG_ENABLE_MODULES = YES;
				CLANG_ENABLE_OBJC_ARC = YES;
				CLANG_ENABLE_OBJC_WEAK = YES;
				CLANG_WARN_BLOCK_CAPTURE_AUTORELEASING = YES;
				CLANG_WARN_BOOL_CONVERSION = YES;
				CLANG_WARN_COMMA = YES;
				CLANG_WARN_CONSTANT_CONVERSION = YES;
				CLANG_WARN_DEPRECATED_OBJC_IMPLEMENTATIONS = YES;
				CLANG_WARN_DIRECT_OBJC_ISA_USAGE = YES_ERROR;
				CLANG_WARN_DOCUMENTATION_COMMENTS = YES;
				CLANG_WARN_EMPTY_BODY = YES;
				CLANG_WARN_ENUM_CONVERSION = YES;
				CLANG_WARN_INFINITE_RECURSION = YES;
				CLANG_WARN_INT_CONVERSION = YES;
				CLANG_WARN_NON_LITERAL_NULL_CONVERSION = YES;
				CLANG_WARN_OBJC_IMPLICIT_RETAIN_SELF = YES;
				CLANG_WARN_OBJC_LITERAL_CONVERSION = YES;
				CLANG_WARN_OBJC_ROOT_CLASS = YES_ERROR;
				CLANG_WARN_QUOTED_INCLUDE_IN_FRAMEWORK_HEADER = YES;
				CLANG_WARN_RANGE_LOOP_ANALYSIS = YES;
				CLANG_WARN_STRICT_PROTOTYPES = YES;
				CLANG_WARN_SUSPICIOUS_MOVE = YES;
				CLANG_WARN_UNGUARDED_AVAILABILITY = YES_AGGRESSIVE;
				CLANG_WARN_UNREACHABLE_CODE = YES;
				CLANG_WARN__DUPLICATE_METHOD_MATCH = YES;
				COPY_PHASE_STRIP = NO;
				DEBUG_INFORMATION_FORMAT = dwarf;
				ENABLE_STRICT_OBJC_MSGSEND = YES;
				ENABLE_TESTABILITY = YES;
				ENABLE_USER_SCRIPT_SANDBOXING = YES;
				GCC_C_LANGUAGE_STANDARD = gnu17;
				GCC_DYNAMIC_NO_PIC = NO;
				GCC_NO_COMMON_BLOCKS = YES;
				GCC_OPTIMIZATION_LEVEL = 0;
				GCC_PREPROCESSOR_DEFINITIONS = (
					"DEBUG=1",
					"$(inherited)",
				);
				GCC_WARN_64_TO_32_BIT_CONVERSION = YES;
				GCC_WARN_ABOUT_RETURN_TYPE = YES_ERROR;
				GCC_WARN_UNDECLARED_SELECTOR = YES;
				GCC_WARN_UNINITIALIZED_AUTOS = YES_AGGRESSIVE;
				GCC_WARN_UNUSED_FUNCTION = YES;
				GCC_WARN_UNUSED_VARIABLE = YES;
				IPHONEOS_DEPLOYMENT_TARGET = 17.0;
				LOCALIZATION_PREFERS_STRING_CATALOGS = YES;
				MTL_ENABLE_DEBUG_INFO = INCLUDE_SOURCE;
				MTL_FAST_MATH = YES;
				ONLY_ACTIVE_ARCH = YES;
				SDKROOT = iphoneos;
				SWIFT_ACTIVE_COMPILATION_CONDITIONS = "DEBUG $(inherited)";
				SWIFT_OPTIMIZATION_LEVEL = "-Onone";
			};
			name = Debug;
		};
		EA7AD0032B03C6F80063DB9D /* Release */ = {
			isa = XCBuildConfiguration;
			buildSettings = {
				ALWAYS_SEARCH_USER_PATHS = NO;
				ASSETCATALOG_COMPILER_GENERATE_SWIFT_ASSET_SYMBOL_EXTENSIONS = YES;
				CLANG_ANALYZER_NONNULL = YES;
				CLANG_ANALYZER_NUMBER_OBJECT_CONVERSION = YES_AGGRESSIVE;
				CLANG_CXX_LANGUAGE_STANDARD = "gnu++20";
				CLANG_ENABLE_MODULES = YES;
				CLANG_ENABLE_OBJC_ARC = YES;
				CLANG_ENABLE_OBJC_WEAK = YES;
				CLANG_WARN_BLOCK_CAPTURE_AUTORELEASING = YES;
				CLANG_WARN_BOOL_CONVERSION = YES;
				CLANG_WARN_COMMA = YES;
				CLANG_WARN_CONSTANT_CONVERSION = YES;
				CLANG_WARN_DEPRECATED_OBJC_IMPLEMENTATIONS = YES;
				CLANG_WARN_DIRECT_OBJC_ISA_USAGE = YES_ERROR;
				CLANG_WARN_DOCUMENTATION_COMMENTS = YES;
				CLANG_WARN_EMPTY_BODY = YES;
				CLANG_WARN_ENUM_CONVERSION = YES;
				CLANG_WARN_INFINITE_RECURSION = YES;
				CLANG_WARN_INT_CONVERSION = YES;
				CLANG_WARN_NON_LITERAL_NULL_CONVERSION = YES;
				CLANG_WARN_OBJC_IMPLICIT_RETAIN_SELF = YES;
				CLANG_WARN_OBJC_LITERAL_CONVERSION = YES;
				CLANG_WARN_OBJC_ROOT_CLASS = YES_ERROR;
				CLANG_WARN_QUOTED_INCLUDE_IN_FRAMEWORK_HEADER = YES;
				CLANG_WARN_RANGE_LOOP_ANALYSIS = YES;
				CLANG_WARN_STRICT_PROTOTYPES = YES;
				CLANG_WARN_SUSPICIOUS_MOVE = YES;
				CLANG_WARN_UNGUARDED_AVAILABILITY = YES_AGGRESSIVE;
				CLANG_WARN_UNREACHABLE_CODE = YES;
				CLANG_WARN__DUPLICATE_METHOD_MATCH = YES;
				COPY_PHASE_STRIP = NO;
				DEBUG_INFORMATION_FORMAT = "dwarf-with-dsym";
				ENABLE_NS_ASSERTIONS = NO;
				ENABLE_STRICT_OBJC_MSGSEND = YES;
				ENABLE_USER_SCRIPT_SANDBOXING = YES;
				GCC_C_LANGUAGE_STANDARD = gnu17;
				GCC_NO_COMMON_BLOCKS = YES;
				GCC_WARN_64_TO_32_BIT_CONVERSION = YES;
				GCC_WARN_ABOUT_RETURN_TYPE = YES_ERROR;
				GCC_WARN_UNDECLARED_SELECTOR = YES;
				GCC_WARN_UNINITIALIZED_AUTOS = YES_AGGRESSIVE;
				GCC_WARN_UNUSED_FUNCTION = YES;
				GCC_WARN_UNUSED_VARIABLE = YES;
				IPHONEOS_DEPLOYMENT_TARGET = 17.0;
				LOCALIZATION_PREFERS_STRING_CATALOGS = YES;
				MTL_ENABLE_DEBUG_INFO = NO;
				MTL_FAST_MATH = YES;
				SDKROOT = iphoneos;
				SWIFT_COMPILATION_MODE = wholemodule;
				VALIDATE_PRODUCT = YES;
			};
			name = Release;
		};
		EA7AD0052B03C6F80063DB9D /* Debug */ = {
			isa = XCBuildConfiguration;
			buildSettings = {
				ASSETCATALOG_COMPILER_APPICON_NAME = AppIcon;
				ASSETCATALOG_COMPILER_GLOBAL_ACCENT_COLOR_NAME = AccentColor;
				CODE_SIGN_STYLE = Automatic;
				CURRENT_PROJECT_VERSION = 1;
				DEVELOPMENT_ASSET_PATHS = "\"NC1/Preview Content\"";
				DEVELOPMENT_TEAM = 32U23N9MLY;
				ENABLE_PREVIEWS = YES;
				GENERATE_INFOPLIST_FILE = YES;
				INFOPLIST_KEY_UIApplicationSceneManifest_Generation = YES;
				INFOPLIST_KEY_UIApplicationSupportsIndirectInputEvents = YES;
				INFOPLIST_KEY_UILaunchScreen_Generation = YES;
				INFOPLIST_KEY_UISupportedInterfaceOrientations_iPad = "UIInterfaceOrientationPortrait UIInterfaceOrientationPortraitUpsideDown UIInterfaceOrientationLandscapeLeft UIInterfaceOrientationLandscapeRight";
				INFOPLIST_KEY_UISupportedInterfaceOrientations_iPhone = "UIInterfaceOrientationPortrait UIInterfaceOrientationLandscapeLeft UIInterfaceOrientationLandscapeRight";
				LD_RUNPATH_SEARCH_PATHS = (
					"$(inherited)",
					"@executable_path/Frameworks",
				);
				MARKETING_VERSION = 1.0;
				PRODUCT_BUNDLE_IDENTIFIER = com.sebastianleon.NC1;
				PRODUCT_NAME = "$(TARGET_NAME)";
				SWIFT_EMIT_LOC_STRINGS = YES;
				SWIFT_VERSION = 5.0;
				TARGETED_DEVICE_FAMILY = "1,2";
			};
			name = Debug;
		};
		EA7AD0062B03C6F80063DB9D /* Release */ = {
			isa = XCBuildConfiguration;
			buildSettings = {
				ASSETCATALOG_COMPILER_APPICON_NAME = AppIcon;
				ASSETCATALOG_COMPILER_GLOBAL_ACCENT_COLOR_NAME = AccentColor;
				CODE_SIGN_STYLE = Automatic;
				CURRENT_PROJECT_VERSION = 1;
				DEVELOPMENT_ASSET_PATHS = "\"NC1/Preview Content\"";
				DEVELOPMENT_TEAM = 32U23N9MLY;
				ENABLE_PREVIEWS = YES;
				GENERATE_INFOPLIST_FILE = YES;
				INFOPLIST_KEY_UIApplicationSceneManifest_Generation = YES;
				INFOPLIST_KEY_UIApplicationSupportsIndirectInputEvents = YES;
				INFOPLIST_KEY_UILaunchScreen_Generation = YES;
				INFOPLIST_KEY_UISupportedInterfaceOrientations_iPad = "UIInterfaceOrientationPortrait UIInterfaceOrientationPortraitUpsideDown UIInterfaceOrientationLandscapeLeft UIInterfaceOrientationLandscapeRight";
				INFOPLIST_KEY_UISupportedInterfaceOrientations_iPhone = "UIInterfaceOrientationPortrait UIInterfaceOrientationLandscapeLeft UIInterfaceOrientationLandscapeRight";
				LD_RUNPATH_SEARCH_PATHS = (
					"$(inherited)",
					"@executable_path/Frameworks",
				);
				MARKETING_VERSION = 1.0;
				PRODUCT_BUNDLE_IDENTIFIER = com.sebastianleon.NC1;
				PRODUCT_NAME = "$(TARGET_NAME)";
				SWIFT_EMIT_LOC_STRINGS = YES;
				SWIFT_VERSION = 5.0;
				TARGETED_DEVICE_FAMILY = "1,2";
			};
			name = Release;
		};
/* End XCBuildConfiguration section */

/* Begin XCConfigurationList section */
		EA7ACFF12B03C6F70063DB9D /* Build configuration list for PBXProject "NC1" */ = {
			isa = XCConfigurationList;
			buildConfigurations = (
				EA7AD0022B03C6F80063DB9D /* Debug */,
				EA7AD0032B03C6F80063DB9D /* Release */,
			);
			defaultConfigurationIsVisible = 0;
			defaultConfigurationName = Release;
		};
		EA7AD0042B03C6F80063DB9D /* Build configuration list for PBXNativeTarget "NC1" */ = {
			isa = XCConfigurationList;
			buildConfigurations = (
				EA7AD0052B03C6F80063DB9D /* Debug */,
				EA7AD0062B03C6F80063DB9D /* Release */,
			);
			defaultConfigurationIsVisible = 0;
			defaultConfigurationName = Release;
		};
/* End XCConfigurationList section */
	};
	rootObject = EA7ACFEE2B03C6F70063DB9D /* Project object */;
}
